
Microsoft Visual Studio Solution File, Format Version 12.00
# Visual Studio 15
VisualStudioVersion = 15.0.27428.2037
MinimumVisualStudioVersion = 10.0.40219.1
Project("{FAE04EC0-301F-11D3-BF4B-00C04F79EFBC}") = "WebApi", "WebApi\WebApi.csproj", "{C122BDD2-6DA2-42C5-9C71-089DDB70F7AD}"
EndProject
Project("{FAE04EC0-301F-11D3-BF4B-00C04F79EFBC}") = "MVC", "MVC\MVC.csproj", "{7D9B9E77-BA51-43AD-98E1-50CF4B886447}"
EndProject
Project("{00D1A9C2-B5F0-4AF3-8072-F6C62B433612}") = "TechnicalTestDB", "TechnicalTestDB\TechnicalTestDB.sqlproj", "{758B05EF-A862-4EC1-B948-D9E0ADBEF95C}"
EndProject
Global
	GlobalSection(SolutionConfigurationPlatforms) = preSolution
		Debug|Any CPU = Debug|Any CPU
		Release|Any CPU = Release|Any CPU
	EndGlobalSection
	GlobalSection(ProjectConfigurationPlatforms) = postSolution
		{C122BDD2-6DA2-42C5-9C71-089DDB70F7AD}.Debug|Any CPU.ActiveCfg = Debug|Any CPU
		{C122BDD2-6DA2-42C5-9C71-089DDB70F7AD}.Debug|Any CPU.Build.0 = Debug|Any CPU
		{C122BDD2-6DA2-42C5-9C71-089DDB70F7AD}.Release|Any CPU.ActiveCfg = Release|Any CPU
		{C122BDD2-6DA2-42C5-9C71-089DDB70F7AD}.Release|Any CPU.Build.0 = Release|Any CPU
		{7D9B9E77-BA51-43AD-98E1-50CF4B886447}.Debug|Any CPU.ActiveCfg = Debug|Any CPU
		{7D9B9E77-BA51-43AD-98E1-50CF4B886447}.Debug|Any CPU.Build.0 = Debug|Any CPU
		{7D9B9E77-BA51-43AD-98E1-50CF4B886447}.Release|Any CPU.ActiveCfg = Release|Any CPU
		{7D9B9E77-BA51-43AD-98E1-50CF4B886447}.Release|Any CPU.Build.0 = Release|Any CPU
		{758B05EF-A862-4EC1-B948-D9E0ADBEF95C}.Debug|Any CPU.ActiveCfg = Debug|Any CPU
		{758B05EF-A862-4EC1-B948-D9E0ADBEF95C}.Debug|Any CPU.Build.0 = Debug|Any CPU
		{758B05EF-A862-4EC1-B948-D9E0ADBEF95C}.Debug|Any CPU.Deploy.0 = Debug|Any CPU
		{758B05EF-A862-4EC1-B948-D9E0ADBEF95C}.Release|Any CPU.ActiveCfg = Release|Any CPU
		{758B05EF-A862-4EC1-B948-D9E0ADBEF95C}.Release|Any CPU.Build.0 = Release|Any CPU
		{758B05EF-A862-4EC1-B948-D9E0ADBEF95C}.Release|Any CPU.Deploy.0 = Release|Any CPU
	EndGlobalSection
	GlobalSection(SolutionProperties) = preSolution
		HideSolutionNode = FALSE
	EndGlobalSection
	GlobalSection(ExtensibilityGlobals) = postSolution
		SolutionGuid = {DE60376F-E5F3-4E71-8C03-F92BA636BF36}
	EndGlobalSection
EndGlobal
